
Microsoft Visual Studio Solution File, Format Version 12.00
# Visual Studio Version 17
VisualStudioVersion = 17.0.31903.59
MinimumVisualStudioVersion = 10.0.40219.1
Project("{2150E333-8FDC-42A3-9474-1A3956D46DE8}") = "src", "src", "{EE684A61-9F9A-4B03-93A3-A16C8183FDF1}"
EndProject
Project("{FAE04EC0-301F-11D3-BF4B-00C04F79EFBC}") = "MazeOfHateoas.Domain", "src\MazeOfHateoas.Domain\MazeOfHateoas.Domain.csproj", "{8CBA1B4B-50AF-4178-A382-EA382FDF51E6}"
EndProject
Project("{FAE04EC0-301F-11D3-BF4B-00C04F79EFBC}") = "MazeOfHateoas.Application", "src\MazeOfHateoas.Application\MazeOfHateoas.Application.csproj", "{C87E1A15-CDA1-4D8C-ABB9-EA4436543E89}"
EndProject
Project("{FAE04EC0-301F-11D3-BF4B-00C04F79EFBC}") = "MazeOfHateoas.Infrastructure", "src\MazeOfHateoas.Infrastructure\MazeOfHateoas.Infrastructure.csproj", "{5AB70AF2-CE5E-47F0-B9E7-D6E162591BA6}"
EndProject
Project("{FAE04EC0-301F-11D3-BF4B-00C04F79EFBC}") = "MazeOfHateoas.Api", "src\MazeOfHateoas.Api\MazeOfHateoas.Api.csproj", "{5A6451F4-5691-44E4-87AA-F495F5721214}"
EndProject
Project("{2150E333-8FDC-42A3-9474-1A3956D46DE8}") = "tests", "tests", "{647D95DE-AEE6-4B48-AA22-0ECB7B70BFD5}"
EndProject
Project("{FAE04EC0-301F-11D3-BF4B-00C04F79EFBC}") = "MazeOfHateoas.UnitTests", "tests\MazeOfHateoas.UnitTests\MazeOfHateoas.UnitTests.csproj", "{345F12DE-1A22-473C-8441-48EFBCCE9B7C}"
EndProject
Project("{FAE04EC0-301F-11D3-BF4B-00C04F79EFBC}") = "MazeOfHateoas.IntegrationTests", "tests\MazeOfHateoas.IntegrationTests\MazeOfHateoas.IntegrationTests.csproj", "{DB58A453-97F9-4364-BC99-2B45268F3A64}"
EndProject
Project("{FAE04EC0-301F-11D3-BF4B-00C04F79EFBC}") = "MazeOfHateoas.Solver", "src\MazeOfHateoas.Solver\MazeOfHateoas.Solver.csproj", "{EF7F7955-C9E7-4F6C-AE08-0DFF99210FAB}"
EndProject
Project("{FAE04EC0-301F-11D3-BF4B-00C04F79EFBC}") = "MazeOfHateoas.Solver.UnitTests", "tests\MazeOfHateoas.Solver.UnitTests\MazeOfHateoas.Solver.UnitTests.csproj", "{0EC7D4D5-A754-4514-B9B2-75E69D9E3413}"
EndProject
Global
	GlobalSection(SolutionConfigurationPlatforms) = preSolution
		Debug|Any CPU = Debug|Any CPU
		Release|Any CPU = Release|Any CPU
	EndGlobalSection
	GlobalSection(SolutionProperties) = preSolution
		HideSolutionNode = FALSE
	EndGlobalSection
	GlobalSection(ProjectConfigurationPlatforms) = postSolution
		{8CBA1B4B-50AF-4178-A382-EA382FDF51E6}.Debug|Any CPU.ActiveCfg = Debug|Any CPU
		{8CBA1B4B-50AF-4178-A382-EA382FDF51E6}.Debug|Any CPU.Build.0 = Debug|Any CPU
		{8CBA1B4B-50AF-4178-A382-EA382FDF51E6}.Release|Any CPU.ActiveCfg = Release|Any CPU
		{8CBA1B4B-50AF-4178-A382-EA382FDF51E6}.Release|Any CPU.Build.0 = Release|Any CPU
		{C87E1A15-CDA1-4D8C-ABB9-EA4436543E89}.Debug|Any CPU.ActiveCfg = Debug|Any CPU
		{C87E1A15-CDA1-4D8C-ABB9-EA4436543E89}.Debug|Any CPU.Build.0 = Debug|Any CPU
		{C87E1A15-CDA1-4D8C-ABB9-EA4436543E89}.Release|Any CPU.ActiveCfg = Release|Any CPU
		{C87E1A15-CDA1-4D8C-ABB9-EA4436543E89}.Release|Any CPU.Build.0 = Release|Any CPU
		{5AB70AF2-CE5E-47F0-B9E7-D6E162591BA6}.Debug|Any CPU.ActiveCfg = Debug|Any CPU
		{5AB70AF2-CE5E-47F0-B9E7-D6E162591BA6}.Debug|Any CPU.Build.0 = Debug|Any CPU
		{5AB70AF2-CE5E-47F0-B9E7-D6E162591BA6}.Release|Any CPU.ActiveCfg = Release|Any CPU
		{5AB70AF2-CE5E-47F0-B9E7-D6E162591BA6}.Release|Any CPU.Build.0 = Release|Any CPU
		{5A6451F4-5691-44E4-87AA-F495F5721214}.Debug|Any CPU.ActiveCfg = Debug|Any CPU
		{5A6451F4-5691-44E4-87AA-F495F5721214}.Debug|Any CPU.Build.0 = Debug|Any CPU
		{5A6451F4-5691-44E4-87AA-F495F5721214}.Release|Any CPU.ActiveCfg = Release|Any CPU
		{5A6451F4-5691-44E4-87AA-F495F5721214}.Release|Any CPU.Build.0 = Release|Any CPU
		{345F12DE-1A22-473C-8441-48EFBCCE9B7C}.Debug|Any CPU.ActiveCfg = Debug|Any CPU
		{345F12DE-1A22-473C-8441-48EFBCCE9B7C}.Debug|Any CPU.Build.0 = Debug|Any CPU
		{345F12DE-1A22-473C-8441-48EFBCCE9B7C}.Release|Any CPU.ActiveCfg = Release|Any CPU
		{345F12DE-1A22-473C-8441-48EFBCCE9B7C}.Release|Any CPU.Build.0 = Release|Any CPU
		{DB58A453-97F9-4364-BC99-2B45268F3A64}.Debug|Any CPU.ActiveCfg = Debug|Any CPU
		{DB58A453-97F9-4364-BC99-2B45268F3A64}.Debug|Any CPU.Build.0 = Debug|Any CPU
		{DB58A453-97F9-4364-BC99-2B45268F3A64}.Release|Any CPU.ActiveCfg = Release|Any CPU
		{DB58A453-97F9-4364-BC99-2B45268F3A64}.Release|Any CPU.Build.0 = Release|Any CPU
		{EF7F7955-C9E7-4F6C-AE08-0DFF99210FAB}.Debug|Any CPU.ActiveCfg = Debug|Any CPU
		{EF7F7955-C9E7-4F6C-AE08-0DFF99210FAB}.Debug|Any CPU.Build.0 = Debug|Any CPU
		{EF7F7955-C9E7-4F6C-AE08-0DFF99210FAB}.Release|Any CPU.ActiveCfg = Release|Any CPU
		{EF7F7955-C9E7-4F6C-AE08-0DFF99210FAB}.Release|Any CPU.Build.0 = Release|Any CPU
		{0EC7D4D5-A754-4514-B9B2-75E69D9E3413}.Debug|Any CPU.ActiveCfg = Debug|Any CPU
		{0EC7D4D5-A754-4514-B9B2-75E69D9E3413}.Debug|Any CPU.Build.0 = Debug|Any CPU
		{0EC7D4D5-A754-4514-B9B2-75E69D9E3413}.Release|Any CPU.ActiveCfg = Release|Any CPU
		{0EC7D4D5-A754-4514-B9B2-75E69D9E3413}.Release|Any CPU.Build.0 = Release|Any CPU
	EndGlobalSection
	GlobalSection(NestedProjects) = preSolution
		{8CBA1B4B-50AF-4178-A382-EA382FDF51E6} = {EE684A61-9F9A-4B03-93A3-A16C8183FDF1}
		{C87E1A15-CDA1-4D8C-ABB9-EA4436543E89} = {EE684A61-9F9A-4B03-93A3-A16C8183FDF1}
		{5AB70AF2-CE5E-47F0-B9E7-D6E162591BA6} = {EE684A61-9F9A-4B03-93A3-A16C8183FDF1}
		{5A6451F4-5691-44E4-87AA-F495F5721214} = {EE684A61-9F9A-4B03-93A3-A16C8183FDF1}
		{345F12DE-1A22-473C-8441-48EFBCCE9B7C} = {647D95DE-AEE6-4B48-AA22-0ECB7B70BFD5}
		{DB58A453-97F9-4364-BC99-2B45268F3A64} = {647D95DE-AEE6-4B48-AA22-0ECB7B70BFD5}
		{EF7F7955-C9E7-4F6C-AE08-0DFF99210FAB} = {EE684A61-9F9A-4B03-93A3-A16C8183FDF1}
		{0EC7D4D5-A754-4514-B9B2-75E69D9E3413} = {647D95DE-AEE6-4B48-AA22-0ECB7B70BFD5}
	EndGlobalSection
EndGlobal
